<?xml version="1.0" encoding="utf-8"?>
<Project ToolsVersion="4.0" xmlns="http://schemas.microsoft.com/developer/msbuild/2003">
  <ItemGroup>
    <Filter Include="Enigma">
      <UniqueIdentifier>{F6D7D4B0-E279-FF86-CB34-13DBB77586D7}</UniqueIdentifier>
    </Filter>
    <Filter Include="Enigma\Events">
      <UniqueIdentifier>{1A33D516-86F3-504D-4F2E-9ACABBAD9529}</UniqueIdentifier>
    </Filter>
    <Filter Include="Enigma\ImGui">
      <UniqueIdentifier>{A0ED5894-8C50-E838-35D6-20EF2118B4BB}</UniqueIdentifier>
    </Filter>
    <Filter Include="Platform">
      <UniqueIdentifier>{2AC788B4-1694-E3BF-3FAD-D1672BD9184E}</UniqueIdentifier>
    </Filter>
    <Filter Include="Platform\OpenGL">
      <UniqueIdentifier>{1E7D2C1D-8A08-9AE1-9319-1DD6FF23F6E1}</UniqueIdentifier>
    </Filter>
    <Filter Include="Platform\Windows">
      <UniqueIdentifier>{64FBD71A-50F4-F66C-7926-DCF1657ED678}</UniqueIdentifier>
    </Filter>
  </ItemGroup>
  <ItemGroup>
    <ClInclude Include="src\Enigma.h" />
    <ClInclude Include="src\Enigma\Application.h">
      <Filter>Enigma</Filter>
    </ClInclude>
    <ClInclude Include="src\Enigma\Core.h">
      <Filter>Enigma</Filter>
    </ClInclude>
    <ClInclude Include="src\Enigma\EntryPoint.h">
      <Filter>Enigma</Filter>
    </ClInclude>
    <ClInclude Include="src\Enigma\Events\ApplicationEvent.h">
      <Filter>Enigma\Events</Filter>
    </ClInclude>
    <ClInclude Include="src\Enigma\Events\Event.h">
      <Filter>Enigma\Events</Filter>
    </ClInclude>
    <ClInclude Include="src\Enigma\Events\KeyEvent.h">
      <Filter>Enigma\Events</Filter>
    </ClInclude>
    <ClInclude Include="src\Enigma\Events\MouseEvent.h">
      <Filter>Enigma\Events</Filter>
    </ClInclude>
    <ClInclude Include="src\Enigma\ImGui\ImGuiLayer.h">
      <Filter>Enigma\ImGui</Filter>
    </ClInclude>
    <ClInclude Include="src\Enigma\Layer.h">
      <Filter>Enigma</Filter>
    </ClInclude>
    <ClInclude Include="src\Enigma\Layerstack.h">
      <Filter>Enigma</Filter>
    </ClInclude>
    <ClInclude Include="src\Enigma\Log.h">
      <Filter>Enigma</Filter>
    </ClInclude>
    <ClInclude Include="src\Enigma\Window.h">
      <Filter>Enigma</Filter>
    </ClInclude>
    <ClInclude Include="src\Platform\OpenGL\ImGuiOpenGLRenderer.h">
      <Filter>Platform\OpenGL</Filter>
    </ClInclude>
    <ClInclude Include="src\Platform\Windows\WindowsWindow.h">
      <Filter>Platform\Windows</Filter>
    </ClInclude>
    <ClInclude Include="src\engmpch.h" />
  </ItemGroup>
  <ItemGroup>
    <ClCompile Include="src\Enigma\Application.cpp">
      <Filter>Enigma</Filter>
    </ClCompile>
    <ClCompile Include="src\Enigma\ImGui\ImGuiLayer.cpp">
      <Filter>Enigma\ImGui</Filter>
    </ClCompile>
    <ClCompile Include="src\Enigma\Layer.cpp">
      <Filter>Enigma</Filter>
    </ClCompile>
    <ClCompile Include="src\Enigma\Layerstack.cpp">
      <Filter>Enigma</Filter>
    </ClCompile>
    <ClCompile Include="src\Enigma\Log.cpp">
      <Filter>Enigma</Filter>
    </ClCompile>
    <ClCompile Include="src\Platform\OpenGL\ImGuiOpenGLRenderer.cpp">
      <Filter>Platform\OpenGL</Filter>
    </ClCompile>
    <ClCompile Include="src\Platform\Windows\WindowsWindow.cpp">
      <Filter>Platform\Windows</Filter>
    </ClCompile>
    <ClCompile Include="src\engmpch.cpp" />
  </ItemGroup>
</Project>