<?xml version="1.0" encoding="utf-8"?>
<Project ToolsVersion="4.0" xmlns="http://schemas.microsoft.com/developer/msbuild/2003">
  <ItemGroup>
    <Filter Include="Enigma">
      <UniqueIdentifier>{F6D7D4B0-E279-FF86-CB34-13DBB77586D7}</UniqueIdentifier>
    </Filter>
    <Filter Include="Enigma\Events">
      <UniqueIdentifier>{1A33D516-86F3-504D-4F2E-9ACABBAD9529}</UniqueIdentifier>
    </Filter>
  </ItemGroup>
  <ItemGroup>
    <ClInclude Include="src\Enigma.h" />
    <ClInclude Include="src\Enigma\Application.h">
      <Filter>Enigma</Filter>
    </ClInclude>
    <ClInclude Include="src\Enigma\Core.h">
      <Filter>Enigma</Filter>
    </ClInclude>
    <ClInclude Include="src\Enigma\EntryPoint.h">
      <Filter>Enigma</Filter>
    </ClInclude>
    <ClInclude Include="src\Enigma\Events\ApplicationEvent.h">
      <Filter>Enigma\Events</Filter>
    </ClInclude>
    <ClInclude Include="src\Enigma\Events\Event.h">
      <Filter>Enigma\Events</Filter>
    </ClInclude>
    <ClInclude Include="src\Enigma\Events\KeyEvent.h">
      <Filter>Enigma\Events</Filter>
    </ClInclude>
    <ClInclude Include="src\Enigma\Events\MouseEvent.h">
      <Filter>Enigma\Events</Filter>
    </ClInclude>
    <ClInclude Include="src\Enigma\Log.h">
      <Filter>Enigma</Filter>
    </ClInclude>
    <ClInclude Include="src\engmpch.h" />
  </ItemGroup>
  <ItemGroup>
    <ClCompile Include="src\Enigma\Application.cpp">
      <Filter>Enigma</Filter>
    </ClCompile>
    <ClCompile Include="src\Enigma\Log.cpp">
      <Filter>Enigma</Filter>
    </ClCompile>
    <ClCompile Include="src\engmpch.cpp" />
  </ItemGroup>
</Project>